[[dependencies]]
name = "eigenlayer-middleware"
version = "0.4.3"
source = "https://github.com/Layr-Labs/eigenlayer-middleware"
checksum = "530e98155fbb92cf1d26a5f7dee914a26f27f048"

[[dependencies]]
name = "forge-std"
version = "1.9.5"
source = "https://soldeer-revisions.s3.amazonaws.com/forge-std/1_9_5_21-12-2024_15:04:05_forge-std-1.9.zip"
checksum = "57ada736f383289db77fac4472d48f820e7c98172cf9b01681b0c37065ce043f"
integrity = "abd25a60c243de1fe09e90ac5e48b39d9a8680518de3af95ee11039b4111ca8f"
