[[dependencies]]
name = "tnt-core"
version = "0.1.0"
url = "https://soldeer-revisions.s3.amazonaws.com/tnt-core/0_1_0_10-12-2024_20:51:20_tnt-core.zip"
checksum = "628b2475c4d629c1cb2578b41b2e10daa3711d711aa5f5b0dd6153959808620f"
integrity = "c380cd3e1def40cd40d70db357afdca4efba79d2561f850f05f395dc634a774e"
